
Microsoft Visual Studio Solution File, Format Version 12.00
# Visual Studio Version 17
VisualStudioVersion = 17.6.33815.320
MinimumVisualStudioVersion = 10.0.40219.1
Project("{FAE04EC0-301F-11D3-BF4B-00C04F79EFBC}") = "FileHandling", "FileHandling.csproj", "{AF53C51C-4E8C-4EB9-950A-2D59E4565F5D}"
EndProject
Global
	GlobalSection(SolutionConfigurationPlatforms) = preSolution
		Debug|Any CPU = Debug|Any CPU
		Release|Any CPU = Release|Any CPU
	EndGlobalSection
	GlobalSection(ProjectConfigurationPlatforms) = postSolution
		{AF53C51C-4E8C-4EB9-950A-2D59E4565F5D}.Debug|Any CPU.ActiveCfg = Debug|Any CPU
		{AF53C51C-4E8C-4EB9-950A-2D59E4565F5D}.Debug|Any CPU.Build.0 = Debug|Any CPU
		{AF53C51C-4E8C-4EB9-950A-2D59E4565F5D}.Release|Any CPU.ActiveCfg = Release|Any CPU
		{AF53C51C-4E8C-4EB9-950A-2D59E4565F5D}.Release|Any CPU.Build.0 = Release|Any CPU
	EndGlobalSection
	GlobalSection(SolutionProperties) = preSolution
		HideSolutionNode = FALSE
	EndGlobalSection
	GlobalSection(ExtensibilityGlobals) = postSolution
		SolutionGuid = {049CF427-93A2-4DF7-9739-4D5C76E3651C}
	EndGlobalSection
EndGlobal
